
Microsoft Visual Studio Solution File, Format Version 12.00
# Visual Studio Version 17
VisualStudioVersion = 17.0.32126.317
MinimumVisualStudioVersion = 10.0.40219.1
Project("{FAE04EC0-301F-11D3-BF4B-00C04F79EFBC}") = "day1", "day1\day1.csproj", "{EB8D8B4B-011A-41C0-9278-86A08D59DAE8}"
EndProject
Global
	GlobalSection(SolutionConfigurationPlatforms) = preSolution
		Debug|Any CPU = Debug|Any CPU
		Release|Any CPU = Release|Any CPU
	EndGlobalSection
	GlobalSection(ProjectConfigurationPlatforms) = postSolution
		{EB8D8B4B-011A-41C0-9278-86A08D59DAE8}.Debug|Any CPU.ActiveCfg = Debug|Any CPU
		{EB8D8B4B-011A-41C0-9278-86A08D59DAE8}.Debug|Any CPU.Build.0 = Debug|Any CPU
		{EB8D8B4B-011A-41C0-9278-86A08D59DAE8}.Release|Any CPU.ActiveCfg = Release|Any CPU
		{EB8D8B4B-011A-41C0-9278-86A08D59DAE8}.Release|Any CPU.Build.0 = Release|Any CPU
	EndGlobalSection
	GlobalSection(SolutionProperties) = preSolution
		HideSolutionNode = FALSE
	EndGlobalSection
	GlobalSection(ExtensibilityGlobals) = postSolution
		SolutionGuid = {1E7538DE-7AFB-484E-AB43-ED53856391C4}
	EndGlobalSection
EndGlobal
