
Microsoft Visual Studio Solution File, Format Version 12.00
# Visual Studio Version 17
VisualStudioVersion = 17.0.32126.317
MinimumVisualStudioVersion = 10.0.40219.1
Project("{FAE04EC0-301F-11D3-BF4B-00C04F79EFBC}") = "resturant", "resturant\resturant.csproj", "{B73DF755-174D-4EC8-8348-5CEB1B4DF68E}"
EndProject
Global
	GlobalSection(SolutionConfigurationPlatforms) = preSolution
		Debug|Any CPU = Debug|Any CPU
		Release|Any CPU = Release|Any CPU
	EndGlobalSection
	GlobalSection(ProjectConfigurationPlatforms) = postSolution
		{B73DF755-174D-4EC8-8348-5CEB1B4DF68E}.Debug|Any CPU.ActiveCfg = Debug|Any CPU
		{B73DF755-174D-4EC8-8348-5CEB1B4DF68E}.Debug|Any CPU.Build.0 = Debug|Any CPU
		{B73DF755-174D-4EC8-8348-5CEB1B4DF68E}.Release|Any CPU.ActiveCfg = Release|Any CPU
		{B73DF755-174D-4EC8-8348-5CEB1B4DF68E}.Release|Any CPU.Build.0 = Release|Any CPU
	EndGlobalSection
	GlobalSection(SolutionProperties) = preSolution
		HideSolutionNode = FALSE
	EndGlobalSection
	GlobalSection(ExtensibilityGlobals) = postSolution
		SolutionGuid = {4E7AD5E6-BA3C-47BE-B620-E9DDAFD6627E}
	EndGlobalSection
EndGlobal
